
Microsoft Visual Studio Solution File, Format Version 12.00
# Visual Studio Version 16
VisualStudioVersion = 16.0.31025.194
MinimumVisualStudioVersion = 10.0.40219.1
Project("{FAE04EC0-301F-11D3-BF4B-00C04F79EFBC}") = "Probier1", "Probier1\Probier1.csproj", "{FDEF4E06-DE0B-4EA5-8706-FCBF70AA063E}"
EndProject
Global
	GlobalSection(SolutionConfigurationPlatforms) = preSolution
		Debug|Any CPU = Debug|Any CPU
		Release|Any CPU = Release|Any CPU
	EndGlobalSection
	GlobalSection(ProjectConfigurationPlatforms) = postSolution
		{FDEF4E06-DE0B-4EA5-8706-FCBF70AA063E}.Debug|Any CPU.ActiveCfg = Debug|Any CPU
		{FDEF4E06-DE0B-4EA5-8706-FCBF70AA063E}.Debug|Any CPU.Build.0 = Debug|Any CPU
		{FDEF4E06-DE0B-4EA5-8706-FCBF70AA063E}.Release|Any CPU.ActiveCfg = Release|Any CPU
		{FDEF4E06-DE0B-4EA5-8706-FCBF70AA063E}.Release|Any CPU.Build.0 = Release|Any CPU
	EndGlobalSection
	GlobalSection(SolutionProperties) = preSolution
		HideSolutionNode = FALSE
	EndGlobalSection
	GlobalSection(ExtensibilityGlobals) = postSolution
		SolutionGuid = {40BA6DD5-DFE2-48E7-8139-0A73DA17D24E}
	EndGlobalSection
EndGlobal
